
Microsoft Visual Studio Solution File, Format Version 12.00
# Visual Studio Version 17
VisualStudioVersion = 17.14.36408.4 d17.14
MinimumVisualStudioVersion = 10.0.40219.1
Project("{FAE04EC0-301F-11D3-BF4B-00C04F79EFBC}") = "AutoMediate", "AutoMediate.csproj", "{A413A44D-F09E-2D52-46B2-B5ACFF63E0F0}"
EndProject
Project("{FAE04EC0-301F-11D3-BF4B-00C04F79EFBC}") = "AutoMediate.Tests", "..\tests\AutoMediate.Tests.csproj", "{D975FA8C-21F1-6BA9-8D64-2AB458486D4C}"
EndProject
Global
	GlobalSection(SolutionConfigurationPlatforms) = preSolution
		Debug|Any CPU = Debug|Any CPU
		Release|Any CPU = Release|Any CPU
	EndGlobalSection
	GlobalSection(ProjectConfigurationPlatforms) = postSolution
		{A413A44D-F09E-2D52-46B2-B5ACFF63E0F0}.Debug|Any CPU.ActiveCfg = Debug|Any CPU
		{A413A44D-F09E-2D52-46B2-B5ACFF63E0F0}.Debug|Any CPU.Build.0 = Debug|Any CPU
		{A413A44D-F09E-2D52-46B2-B5ACFF63E0F0}.Release|Any CPU.ActiveCfg = Release|Any CPU
		{A413A44D-F09E-2D52-46B2-B5ACFF63E0F0}.Release|Any CPU.Build.0 = Release|Any CPU
		{D975FA8C-21F1-6BA9-8D64-2AB458486D4C}.Debug|Any CPU.ActiveCfg = Debug|Any CPU
		{D975FA8C-21F1-6BA9-8D64-2AB458486D4C}.Debug|Any CPU.Build.0 = Debug|Any CPU
		{D975FA8C-21F1-6BA9-8D64-2AB458486D4C}.Release|Any CPU.ActiveCfg = Release|Any CPU
		{D975FA8C-21F1-6BA9-8D64-2AB458486D4C}.Release|Any CPU.Build.0 = Release|Any CPU
	EndGlobalSection
	GlobalSection(SolutionProperties) = preSolution
		HideSolutionNode = FALSE
	EndGlobalSection
	GlobalSection(ExtensibilityGlobals) = postSolution
		SolutionGuid = {253A53E4-CD11-4B97-9905-95A65A81D433}
	EndGlobalSection
EndGlobal
